
Microsoft Visual Studio Solution File, Format Version 12.00
# Visual Studio 2012
Project("{FAE04EC0-301F-11D3-BF4B-00C04F79EFBC}") = "WUBSinger", "WUBSinger\WUBSinger.csproj", "{4C5AE971-2728-4A7A-A184-5C85ADE70B7D}"
EndProject
Global
	GlobalSection(SolutionConfigurationPlatforms) = preSolution
		Debug|x86 = Debug|x86
		Release|x86 = Release|x86
	EndGlobalSection
	GlobalSection(ProjectConfigurationPlatforms) = postSolution
		{4C5AE971-2728-4A7A-A184-5C85ADE70B7D}.Debug|x86.ActiveCfg = Debug|x86
		{4C5AE971-2728-4A7A-A184-5C85ADE70B7D}.Debug|x86.Build.0 = Debug|x86
		{4C5AE971-2728-4A7A-A184-5C85ADE70B7D}.Release|x86.ActiveCfg = Release|x86
		{4C5AE971-2728-4A7A-A184-5C85ADE70B7D}.Release|x86.Build.0 = Release|x86
	EndGlobalSection
EndGlobal
